version = 1
revision = 3
requires-python = ">=3.13"

[[package]]
name = "annotated-types"
version = "0.7.0"
source = { registry = "https://pypi.org/simple" }
sdist = { url = "https://files.pythonhosted.org/packages/ee/67/531ea369ba64dcff5ec9c3402f9f51bf748cec26dde048a2f973a4eea7f5/annotated_types-0.7.0.tar.gz", hash = "sha256:aff07c09a53a08bc8cfccb9c85b05f1aa9a2a6f23728d790723543408344ce89", size = 16081, upload-time = "2024-05-20T21:33:25.928Z" }
wheels = [
    { url = "https://files.pythonhosted.org/packages/78/b6/6307fbef88d9b5ee7421e68d78a9f162e0da4900bc5f5793f6d3d0e34fb8/annotated_types-0.7.0-py3-none-any.whl", hash = "sha256:1f02e8b43a8fbbc3f3e0d4f0f4bfc8131bcb4eebe8849b8e5c773f3a1c582a53", size = 13643, upload-time = "2024-05-20T21:33:24.1Z" },
]

[[package]]
name = "anthropic"
version = "0.89.0"
source = { registry = "https://pypi.org/simple" }
dependencies = [
    { name = "anyio" },
    { name = "distro" },
    { name = "docstring-parser" },
    { name = "httpx" },
    { name = "jiter" },
    { name = "pydantic" },
    { name = "sniffio" },
    { name = "typing-extensions" },
]
sdist = { url = "https://files.pythonhosted.org/packages/60/af/862e216dd6c5e9bc02fb374eeaaa19017c51b90ddfa5692668a3811947bd/anthropic-0.89.0.tar.gz", hash = "sha256:f3d75b8ccef4b35f3702639519e461eba437d4bcdfabb69378c65a02ab7bda66", size = 596758, upload-time = "2026-04-03T18:57:01.348Z" }
wheels = [
    { url = "https://files.pythonhosted.org/packages/22/ba/9f973f22abb512d5d17428a76e4ecbc8d49b9dd1b5a1152576d48c24dc1d/anthropic-0.89.0-py3-none-any.whl", hash = "sha256:c6d23854af798f2471ca3bc653cca394d392cc272fe803d3da9d63575b8445f0", size = 478847, upload-time = "2026-04-03T18:56:59.54Z" },
]

[[package]]
name = "anyio"
version = "4.13.0"
source = { registry = "https://pypi.org/simple" }
dependencies = [
    { name = "idna" },
]
sdist = { url = "https://files.pythonhosted.org/packages/19/14/2c5dd9f512b66549ae92767a9c7b330ae88e1932ca57876909410251fe13/anyio-4.13.0.tar.gz", hash = "sha256:334b70e641fd2221c1505b3890c69882fe4a2df910cba14d97019b90b24439dc", size = 231622, upload-time = "2026-03-24T12:59:09.671Z" }
wheels = [
    { url = "https://files.pythonhosted.org/packages/da/42/e921fccf5015463e32a3cf6ee7f980a6ed0f395ceeaa45060b61d86486c2/anyio-4.13.0-py3-none-any.whl", hash = "sha256:08b310f9e24a9594186fd75b4f73f4a4152069e3853f1ed8bfbf58369f4ad708", size = 114353, upload-time = "2026-03-24T12:59:08.246Z" },
]

[[package]]
name = "certifi"
version = "2026.2.25"
source = { registry = "https://pypi.org/simple" }
sdist = { url = "https://files.pythonhosted.org/packages/af/2d/7bf41579a8986e348fa033a31cdd0e4121114f6bce2457e8876010b092dd/certifi-2026.2.25.tar.gz", hash = "sha256:e887ab5cee78ea814d3472169153c2d12cd43b14bd03329a39a9c6e2e80bfba7", size = 155029, upload-time = "2026-02-25T02:54:17.342Z" }
wheels = [
    { url = "https://files.pythonhosted.org/packages/9a/3c/c17fb3ca2d9c3acff52e30b309f538586f9f5b9c9cf454f3845fc9af4881/certifi-2026.2.25-py3-none-any.whl", hash = "sha256:027692e4402ad994f1c42e52a4997a9763c646b73e4096e4d5d6db8af1d6f0fa", size = 153684, upload-time = "2026-02-25T02:54:15.766Z" },
]

[[package]]
name = "colorama"
version = "0.4.6"
source = { registry = "https://pypi.org/simple" }
sdist = { url = "https://files.pythonhosted.org/packages/d8/53/6f443c9a4a8358a93a6792e2acffb9d9d5cb0a5cfd8802644b7b1c9a02e4/colorama-0.4.6.tar.gz", hash = "sha256:08695f5cb7ed6e0531a20572697297273c47b8cae5a63ffc6d6ed5c201be6e44", size = 27697, upload-time = "2022-10-25T02:36:22.414Z" }
wheels = [
    { url = "https://files.pythonhosted.org/packages/d1/d6/3965ed04c63042e047cb6a3e6ed1a63a35087b6a609aa3a15ed8ac56c221/colorama-0.4.6-py2.py3-none-any.whl", hash = "sha256:4f1d9991f5acc0ca119f9d443620b77f9d6b33703e51011c16baf57afb285fc6", size = 25335, upload-time = "2022-10-25T02:36:20.889Z" },
]

[[package]]
name = "distro"
version = "1.9.0"
source = { registry = "https://pypi.org/simple" }
sdist = { url = "https://files.pythonhosted.org/packages/fc/f8/98eea607f65de6527f8a2e8885fc8015d3e6f5775df186e443e0964a11c3/distro-1.9.0.tar.gz", hash = "sha256:2fa77c6fd8940f116ee1d6b94a2f90b13b5ea8d019b98bc8bafdcabcdd9bdbed", size = 60722, upload-time = "2023-12-24T09:54:32.31Z" }
wheels = [
    { url = "https://files.pythonhosted.org/packages/12/b3/231ffd4ab1fc9d679809f356cebee130ac7daa00d6d6f3206dd4fd137e9e/distro-1.9.0-py3-none-any.whl", hash = "sha256:7bffd925d65168f85027d8da9af6bddab658135b840670a223589bc0c8ef02b2", size = 20277, upload-time = "2023-12-24T09:54:30.421Z" },
]

[[package]]
name = "docstring-parser"
version = "0.17.0"
source = { registry = "https://pypi.org/simple" }
sdist = { url = "https://files.pythonhosted.org/packages/b2/9d/c3b43da9515bd270df0f80548d9944e389870713cc1fe2b8fb35fe2bcefd/docstring_parser-0.17.0.tar.gz", hash = "sha256:583de4a309722b3315439bb31d64ba3eebada841f2e2cee23b99df001434c912", size = 27442, upload-time = "2025-07-21T07:35:01.868Z" }
wheels = [
    { url = "https://files.pythonhosted.org/packages/55/e2/2537ebcff11c1ee1ff17d8d0b6f4db75873e3b0fb32c2d4a2ee31ecb310a/docstring_parser-0.17.0-py3-none-any.whl", hash = "sha256:cf2569abd23dce8099b300f9b4fa8191e9582dda731fd533daf54c4551658708", size = 36896, upload-time = "2025-07-21T07:35:00.684Z" },
]

[[package]]
name = "h11"
version = "0.16.0"
source = { registry = "https://pypi.org/simple" }
sdist = { url = "https://files.pythonhosted.org/packages/01/ee/02a2c011bdab74c6fb3c75474d40b3052059d95df7e73351460c8588d963/h11-0.16.0.tar.gz", hash = "sha256:4e35b956cf45792e4caa5885e69fba00bdbc6ffafbfa020300e549b208ee5ff1", size = 101250, upload-time = "2025-04-24T03:35:25.427Z" }
wheels = [
    { url = "https://files.pythonhosted.org/packages/04/4b/29cac41a4d98d144bf5f6d33995617b185d14b22401f75ca86f384e87ff1/h11-0.16.0-py3-none-any.whl", hash = "sha256:63cf8bbe7522de3bf65932fda1d9c2772064ffb3dae62d55932da54b31cb6c86", size = 37515, upload-time = "2025-04-24T03:35:24.344Z" },
]

[[package]]
name = "httpcore"
version = "1.0.9"
source = { registry = "https://pypi.org/simple" }
dependencies = [
    { name = "certifi" },
    { name = "h11" },
]
sdist = { url = "https://files.pythonhosted.org/packages/06/94/82699a10bca87a5556c9c59b5963f2d039dbd239f25bc2a63907a05a14cb/httpcore-1.0.9.tar.gz", hash = "sha256:6e34463af53fd2ab5d807f399a9b45ea31c3dfa2276f15a2c3f00afff6e176e8", size = 85484, upload-time = "2025-04-24T22:06:22.219Z" }
wheels = [
    { url = "https://files.pythonhosted.org/packages/7e/f5/f66802a942d491edb555dd61e3a9961140fd64c90bce1eafd741609d334d/httpcore-1.0.9-py3-none-any.whl", hash = "sha256:2d400746a40668fc9dec9810239072b40b4484b640a8c38fd654a024c7a1bf55", size = 78784, upload-time = "2025-04-24T22:06:20.566Z" },
]

[[package]]
name = "httpx"
version = "0.28.1"
source = { registry = "https://pypi.org/simple" }
dependencies = [
    { name = "anyio" },
    { name = "certifi" },
    { name = "httpcore" },
    { name = "idna" },
]
sdist = { url = "https://files.pythonhosted.org/packages/b1/df/48c586a5fe32a0f01324ee087459e112ebb7224f646c0b5023f5e79e9956/httpx-0.28.1.tar.gz", hash = "sha256:75e98c5f16b0f35b567856f597f06ff2270a374470a5c2392242528e3e3e42fc", size = 141406, upload-time = "2024-12-06T15:37:23.222Z" }
wheels = [
    { url = "https://files.pythonhosted.org/packages/2a/39/e50c7c3a983047577ee07d2a9e53faf5a69493943ec3f6a384bdc792deb2/httpx-0.28.1-py3-none-any.whl", hash = "sha256:d909fcccc110f8c7faf814ca82a9a4d816bc5a6dbfea25d6591d6985b8ba59ad", size = 73517, upload-time = "2024-12-06T15:37:21.509Z" },
]

[[package]]
name = "idna"
version = "3.11"
source = { registry = "https://pypi.org/simple" }
sdist = { url = "https://files.pythonhosted.org/packages/6f/6d/0703ccc57f3a7233505399edb88de3cbd678da106337b9fcde432b65ed60/idna-3.11.tar.gz", hash = "sha256:795dafcc9c04ed0c1fb032c2aa73654d8e8c5023a7df64a53f39190ada629902", size = 194582, upload-time = "2025-10-12T14:55:20.501Z" }
wheels = [
    { url = "https://files.pythonhosted.org/packages/0e/61/66938bbb5fc52dbdf84594873d5b51fb1f7c7794e9c0f5bd885f30bc507b/idna-3.11-py3-none-any.whl", hash = "sha256:771a87f49d9defaf64091e6e6fe9c18d4833f140bd19464795bc32d966ca37ea", size = 71008, upload-time = "2025-10-12T14:55:18.883Z" },
]

[[package]]
name = "jiter"
version = "0.13.0"
source = { registry = "https://pypi.org/simple" }
sdist = { url = "https://files.pythonhosted.org/packages/0d/5e/4ec91646aee381d01cdb9974e30882c9cd3b8c5d1079d6b5ff4af522439a/jiter-0.13.0.tar.gz", hash = "sha256:f2839f9c2c7e2dffc1bc5929a510e14ce0a946be9365fd1219e7ef342dae14f4", size = 164847, upload-time = "2026-02-02T12:37:56.441Z" }
wheels = [
    { url = "https://files.pythonhosted.org/packages/91/9c/7ee5a6ff4b9991e1a45263bfc46731634c4a2bde27dfda6c8251df2d958c/jiter-0.13.0-cp313-cp313-macosx_10_12_x86_64.whl", hash = "sha256:1f8a55b848cbabf97d861495cd65f1e5c590246fabca8b48e1747c4dfc8f85bf", size = 306897, upload-time = "2026-02-02T12:36:16.748Z" },
    { url = "https://files.pythonhosted.org/packages/7c/02/be5b870d1d2be5dd6a91bdfb90f248fbb7dcbd21338f092c6b89817c3dbf/jiter-0.13.0-cp313-cp313-macosx_11_0_arm64.whl", hash = "sha256:f556aa591c00f2c45eb1b89f68f52441a016034d18b65da60e2d2875bbbf344a", size = 317507, upload-time = "2026-02-02T12:36:18.351Z" },
    { url = "https://files.pythonhosted.org/packages/da/92/b25d2ec333615f5f284f3a4024f7ce68cfa0604c322c6808b2344c7f5d2b/jiter-0.13.0-cp313-cp313-manylinux_2_17_aarch64.manylinux2014_aarch64.whl", hash = "sha256:f7e1d61da332ec412350463891923f960c3073cf1aae93b538f0bb4c8cd46efb", size = 350560, upload-time = "2026-02-02T12:36:19.746Z" },
    { url = "https://files.pythonhosted.org/packages/be/ec/74dcb99fef0aca9fbe56b303bf79f6bd839010cb18ad41000bf6cc71eec0/jiter-0.13.0-cp313-cp313-manylinux_2_17_armv7l.manylinux2014_armv7l.whl", hash = "sha256:3097d665a27bc96fd9bbf7f86178037db139f319f785e4757ce7ccbf390db6c2", size = 363232, upload-time = "2026-02-02T12:36:21.243Z" },
    { url = "https://files.pythonhosted.org/packages/1b/37/f17375e0bb2f6a812d4dd92d7616e41917f740f3e71343627da9db2824ce/jiter-0.13.0-cp313-cp313-manylinux_2_17_ppc64le.manylinux2014_ppc64le.whl", hash = "sha256:9d01ecc3a8cbdb6f25a37bd500510550b64ddf9f7d64a107d92f3ccb25035d0f", size = 483727, upload-time = "2026-02-02T12:36:22.688Z" },
    { url = "https://files.pythonhosted.org/packages/77/d2/a71160a5ae1a1e66c1395b37ef77da67513b0adba73b993a27fbe47eb048/jiter-0.13.0-cp313-cp313-manylinux_2_17_s390x.manylinux2014_s390x.whl", hash = "sha256:ed9bbc30f5d60a3bdf63ae76beb3f9db280d7f195dfcfa61af792d6ce912d159", size = 370799, upload-time = "2026-02-02T12:36:24.106Z" },
    { url = "https://files.pythonhosted.org/packages/01/99/ed5e478ff0eb4e8aa5fd998f9d69603c9fd3f32de3bd16c2b1194f68361c/jiter-0.13.0-cp313-cp313-manylinux_2_17_x86_64.manylinux2014_x86_64.whl", hash = "sha256:98fbafb6e88256f4454de33c1f40203d09fc33ed19162a68b3b257b29ca7f663", size = 359120, upload-time = "2026-02-02T12:36:25.519Z" },
    { url = "https://files.pythonhosted.org/packages/16/be/7ffd08203277a813f732ba897352797fa9493faf8dc7995b31f3d9cb9488/jiter-0.13.0-cp313-cp313-manylinux_2_5_i686.manylinux1_i686.whl", hash = "sha256:5467696f6b827f1116556cb0db620440380434591e93ecee7fd14d1a491b6daa", size = 390664, upload-time = "2026-02-02T12:36:26.866Z" },
    { url = "https://files.pythonhosted.org/packages/d1/84/e0787856196d6d346264d6dcccb01f741e5f0bd014c1d9a2ebe149caf4f3/jiter-0.13.0-cp313-cp313-musllinux_1_1_aarch64.whl", hash = "sha256:2d08c9475d48b92892583df9da592a0e2ac49bcd41fae1fec4f39ba6cf107820", size = 513543, upload-time = "2026-02-02T12:36:28.217Z" },
    { url = "https://files.pythonhosted.org/packages/65/50/ecbd258181c4313cf79bca6c88fb63207d04d5bf5e4f65174114d072aa55/jiter-0.13.0-cp313-cp313-musllinux_1_1_x86_64.whl", hash = "sha256:aed40e099404721d7fcaf5b89bd3b4568a4666358bcac7b6b15c09fb6252ab68", size = 547262, upload-time = "2026-02-02T12:36:29.678Z" },
    { url = "https://files.pythonhosted.org/packages/27/da/68f38d12e7111d2016cd198161b36e1f042bd115c169255bcb7ec823a3bf/jiter-0.13.0-cp313-cp313-win32.whl", hash = "sha256:36ebfbcffafb146d0e6ffb3e74d51e03d9c35ce7c625c8066cdbfc7b953bdc72", size = 200630, upload-time = "2026-02-02T12:36:31.808Z" },
    { url = "https://files.pythonhosted.org/packages/25/65/3bd1a972c9a08ecd22eb3b08a95d1941ebe6938aea620c246cf426ae09c2/jiter-0.13.0-cp313-cp313-win_amd64.whl", hash = "sha256:8d76029f077379374cf0dbc78dbe45b38dec4a2eb78b08b5194ce836b2517afc", size = 202602, upload-time = "2026-02-02T12:36:33.679Z" },
    { url = "https://files.pythonhosted.org/packages/15/fe/13bd3678a311aa67686bb303654792c48206a112068f8b0b21426eb6851e/jiter-0.13.0-cp313-cp313-win_arm64.whl", hash = "sha256:bb7613e1a427cfcb6ea4544f9ac566b93d5bf67e0d48c787eca673ff9c9dff2b", size = 185939, upload-time = "2026-02-02T12:36:35.065Z" },
    { url = "https://files.pythonhosted.org/packages/49/19/a929ec002ad3228bc97ca01dbb14f7632fffdc84a95ec92ceaf4145688ae/jiter-0.13.0-cp313-cp313t-macosx_11_0_arm64.whl", hash = "sha256:fa476ab5dd49f3bf3a168e05f89358c75a17608dbabb080ef65f96b27c19ab10", size = 316616, upload-time = "2026-02-02T12:36:36.579Z" },
    { url = "https://files.pythonhosted.org/packages/52/56/d19a9a194afa37c1728831e5fb81b7722c3de18a3109e8f282bfc23e587a/jiter-0.13.0-cp313-cp313t-manylinux_2_17_aarch64.manylinux2014_aarch64.whl", hash = "sha256:ade8cb6ff5632a62b7dbd4757d8c5573f7a2e9ae285d6b5b841707d8363205ef", size = 346850, upload-time = "2026-02-02T12:36:38.058Z" },
    { url = "https://files.pythonhosted.org/packages/36/4a/94e831c6bf287754a8a019cb966ed39ff8be6ab78cadecf08df3bb02d505/jiter-0.13.0-cp313-cp313t-manylinux_2_17_x86_64.manylinux2014_x86_64.whl", hash = "sha256:9950290340acc1adaded363edd94baebcee7dabdfa8bee4790794cd5cfad2af6", size = 358551, upload-time = "2026-02-02T12:36:39.417Z" },
    { url = "https://files.pythonhosted.org/packages/a2/ec/a4c72c822695fa80e55d2b4142b73f0012035d9fcf90eccc56bc060db37c/jiter-0.13.0-cp313-cp313t-win_amd64.whl", hash = "sha256:2b4972c6df33731aac0742b64fd0d18e0a69bc7d6e03108ce7d40c85fd9e3e6d", size = 201950, upload-time = "2026-02-02T12:36:40.791Z" },
    { url = "https://files.pythonhosted.org/packages/b6/00/393553ec27b824fbc29047e9c7cd4a3951d7fbe4a76743f17e44034fa4e4/jiter-0.13.0-cp313-cp313t-win_arm64.whl", hash = "sha256:701a1e77d1e593c1b435315ff625fd071f0998c5f02792038a5ca98899261b7d", size = 185852, upload-time = "2026-02-02T12:36:42.077Z" },
    { url = "https://files.pythonhosted.org/packages/6e/f5/f1997e987211f6f9bd71b8083047b316208b4aca0b529bb5f8c96c89ef3e/jiter-0.13.0-cp314-cp314-macosx_10_12_x86_64.whl", hash = "sha256:cc5223ab19fe25e2f0bf2643204ad7318896fe3729bf12fde41b77bfc4fafff0", size = 308804, upload-time = "2026-02-02T12:36:43.496Z" },
    { url = "https://files.pythonhosted.org/packages/cd/8f/5482a7677731fd44881f0204981ce2d7175db271f82cba2085dd2212e095/jiter-0.13.0-cp314-cp314-macosx_11_0_arm64.whl", hash = "sha256:9776ebe51713acf438fd9b4405fcd86893ae5d03487546dae7f34993217f8a91", size = 318787, upload-time = "2026-02-02T12:36:45.071Z" },
    { url = "https://files.pythonhosted.org/packages/f3/b9/7257ac59778f1cd025b26a23c5520a36a424f7f1b068f2442a5b499b7464/jiter-0.13.0-cp314-cp314-manylinux_2_17_aarch64.manylinux2014_aarch64.whl", hash = "sha256:879e768938e7b49b5e90b7e3fecc0dbec01b8cb89595861fb39a8967c5220d09", size = 353880, upload-time = "2026-02-02T12:36:47.365Z" },
    { url = "https://files.pythonhosted.org/packages/c3/87/719eec4a3f0841dad99e3d3604ee4cba36af4419a76f3cb0b8e2e691ad67/jiter-0.13.0-cp314-cp314-manylinux_2_17_armv7l.manylinux2014_armv7l.whl", hash = "sha256:682161a67adea11e3aae9038c06c8b4a9a71023228767477d683f69903ebc607", size = 366702, upload-time = "2026-02-02T12:36:48.871Z" },
    { url = "https://files.pythonhosted.org/packages/d2/65/415f0a75cf6921e43365a1bc227c565cb949caca8b7532776e430cbaa530/jiter-0.13.0-cp314-cp314-manylinux_2_17_ppc64le.manylinux2014_ppc64le.whl", hash = "sha256:a13b68cd1cd8cc9de8f244ebae18ccb3e4067ad205220ef324c39181e23bbf66", size = 486319, upload-time = "2026-02-02T12:36:53.006Z" },
    { url = "https://files.pythonhosted.org/packages/54/a2/9e12b48e82c6bbc6081fd81abf915e1443add1b13d8fc586e1d90bb02bb8/jiter-0.13.0-cp314-cp314-manylinux_2_17_s390x.manylinux2014_s390x.whl", hash = "sha256:87ce0f14c6c08892b610686ae8be350bf368467b6acd5085a5b65441e2bf36d2", size = 372289, upload-time = "2026-02-02T12:36:54.593Z" },
    { url = "https://files.pythonhosted.org/packages/4e/c1/e4693f107a1789a239c759a432e9afc592366f04e901470c2af89cfd28e1/jiter-0.13.0-cp314-cp314-manylinux_2_17_x86_64.manylinux2014_x86_64.whl", hash = "sha256:0c365005b05505a90d1c47856420980d0237adf82f70c4aff7aebd3c1cc143ad", size = 360165, upload-time = "2026-02-02T12:36:56.112Z" },
    { url = "https://files.pythonhosted.org/packages/17/08/91b9ea976c1c758240614bd88442681a87672eebc3d9a6dde476874e706b/jiter-0.13.0-cp314-cp314-manylinux_2_5_i686.manylinux1_i686.whl", hash = "sha256:1317fdffd16f5873e46ce27d0e0f7f4f90f0cdf1d86bf6abeaea9f63ca2c401d", size = 389634, upload-time = "2026-02-02T12:36:57.495Z" },
    { url = "https://files.pythonhosted.org/packages/18/23/58325ef99390d6d40427ed6005bf1ad54f2577866594bcf13ce55675f87d/jiter-0.13.0-cp314-cp314-musllinux_1_1_aarch64.whl", hash = "sha256:c05b450d37ba0c9e21c77fef1f205f56bcee2330bddca68d344baebfc55ae0df", size = 514933, upload-time = "2026-02-02T12:36:58.909Z" },
    { url = "https://files.pythonhosted.org/packages/5b/25/69f1120c7c395fd276c3996bb8adefa9c6b84c12bb7111e5c6ccdcd8526d/jiter-0.13.0-cp314-cp314-musllinux_1_1_x86_64.whl", hash = "sha256:775e10de3849d0631a97c603f996f518159272db00fdda0a780f81752255ee9d", size = 548842, upload-time = "2026-02-02T12:37:00.433Z" },
    { url = "https://files.pythonhosted.org/packages/18/05/981c9669d86850c5fbb0d9e62bba144787f9fba84546ba43d624ee27ef29/jiter-0.13.0-cp314-cp314-win32.whl", hash = "sha256:632bf7c1d28421c00dd8bbb8a3bac5663e1f57d5cd5ed962bce3c73bf62608e6", size = 202108, upload-time = "2026-02-02T12:37:01.718Z" },
    { url = "https://files.pythonhosted.org/packages/8d/96/cdcf54dd0b0341db7d25413229888a346c7130bd20820530905fdb65727b/jiter-0.13.0-cp314-cp314-win_amd64.whl", hash = "sha256:f22ef501c3f87ede88f23f9b11e608581c14f04db59b6a801f354397ae13739f", size = 204027, upload-time = "2026-02-02T12:37:03.075Z" },
    { url = "https://files.pythonhosted.org/packages/fb/f9/724bcaaab7a3cd727031fe4f6995cb86c4bd344909177c186699c8dec51a/jiter-0.13.0-cp314-cp314-win_arm64.whl", hash = "sha256:07b75fe09a4ee8e0c606200622e571e44943f47254f95e2436c8bdcaceb36d7d", size = 187199, upload-time = "2026-02-02T12:37:04.414Z" },
    { url = "https://files.pythonhosted.org/packages/62/92/1661d8b9fd6a3d7a2d89831db26fe3c1509a287d83ad7838831c7b7a5c7e/jiter-0.13.0-cp314-cp314t-macosx_11_0_arm64.whl", hash = "sha256:964538479359059a35fb400e769295d4b315ae61e4105396d355a12f7fef09f0", size = 318423, upload-time = "2026-02-02T12:37:05.806Z" },
    { url = "https://files.pythonhosted.org/packages/4f/3b/f77d342a54d4ebcd128e520fc58ec2f5b30a423b0fd26acdfc0c6fef8e26/jiter-0.13.0-cp314-cp314t-manylinux_2_17_aarch64.manylinux2014_aarch64.whl", hash = "sha256:e104da1db1c0991b3eaed391ccd650ae8d947eab1480c733e5a3fb28d4313e40", size = 351438, upload-time = "2026-02-02T12:37:07.189Z" },
    { url = "https://files.pythonhosted.org/packages/76/b3/ba9a69f0e4209bd3331470c723c2f5509e6f0482e416b612431a5061ed71/jiter-0.13.0-cp314-cp314t-manylinux_2_17_armv7l.manylinux2014_armv7l.whl", hash = "sha256:0e3a5f0cde8ff433b8e88e41aa40131455420fb3649a3c7abdda6145f8cb7202", size = 364774, upload-time = "2026-02-02T12:37:08.579Z" },
    { url = "https://files.pythonhosted.org/packages/b3/16/6cdb31fa342932602458dbb631bfbd47f601e03d2e4950740e0b2100b570/jiter-0.13.0-cp314-cp314t-manylinux_2_17_ppc64le.manylinux2014_ppc64le.whl", hash = "sha256:57aab48f40be1db920a582b30b116fe2435d184f77f0e4226f546794cedd9cf0", size = 487238, upload-time = "2026-02-02T12:37:10.066Z" },
    { url = "https://files.pythonhosted.org/packages/ed/b1/956cc7abaca8d95c13aa8d6c9b3f3797241c246cd6e792934cc4c8b250d2/jiter-0.13.0-cp314-cp314t-manylinux_2_17_s390x.manylinux2014_s390x.whl", hash = "sha256:7772115877c53f62beeb8fd853cab692dbc04374ef623b30f997959a4c0e7e95", size = 372892, upload-time = "2026-02-02T12:37:11.656Z" },
    { url = "https://files.pythonhosted.org/packages/26/c4/97ecde8b1e74f67b8598c57c6fccf6df86ea7861ed29da84629cdbba76c4/jiter-0.13.0-cp314-cp314t-manylinux_2_17_x86_64.manylinux2014_x86_64.whl", hash = "sha256:1211427574b17b633cfceba5040de8081e5abf114f7a7602f73d2e16f9fdaa59", size = 360309, upload-time = "2026-02-02T12:37:13.244Z" },
    { url = "https://files.pythonhosted.org/packages/4b/d7/eabe3cf46715854ccc80be2cd78dd4c36aedeb30751dbf85a1d08c14373c/jiter-0.13.0-cp314-cp314t-manylinux_2_5_i686.manylinux1_i686.whl", hash = "sha256:7beae3a3d3b5212d3a55d2961db3c292e02e302feb43fce6a3f7a31b90ea6dfe", size = 389607, upload-time = "2026-02-02T12:37:14.881Z" },
    { url = "https://files.pythonhosted.org/packages/df/2d/03963fc0804e6109b82decfb9974eb92df3797fe7222428cae12f8ccaa0c/jiter-0.13.0-cp314-cp314t-musllinux_1_1_aarch64.whl", hash = "sha256:e5562a0f0e90a6223b704163ea28e831bd3a9faa3512a711f031611e6b06c939", size = 514986, upload-time = "2026-02-02T12:37:16.326Z" },
    { url = "https://files.pythonhosted.org/packages/f6/6c/8c83b45eb3eb1c1e18d841fe30b4b5bc5619d781267ca9bc03e005d8fd0a/jiter-0.13.0-cp314-cp314t-musllinux_1_1_x86_64.whl", hash = "sha256:6c26a424569a59140fb51160a56df13f438a2b0967365e987889186d5fc2f6f9", size = 548756, upload-time = "2026-02-02T12:37:17.736Z" },
    { url = "https://files.pythonhosted.org/packages/47/66/eea81dfff765ed66c68fd2ed8c96245109e13c896c2a5015c7839c92367e/jiter-0.13.0-cp314-cp314t-win32.whl", hash = "sha256:24dc96eca9f84da4131cdf87a95e6ce36765c3b156fc9ae33280873b1c32d5f6", size = 201196, upload-time = "2026-02-02T12:37:19.101Z" },
    { url = "https://files.pythonhosted.org/packages/ff/32/4ac9c7a76402f8f00d00842a7f6b83b284d0cf7c1e9d4227bc95aa6d17fa/jiter-0.13.0-cp314-cp314t-win_amd64.whl", hash = "sha256:0a8d76c7524087272c8ae913f5d9d608bd839154b62c4322ef65723d2e5bb0b8", size = 204215, upload-time = "2026-02-02T12:37:20.495Z" },
    { url = "https://files.pythonhosted.org/packages/f9/8e/7def204fea9f9be8b3c21a6f2dd6c020cf56c7d5ff753e0e23ed7f9ea57e/jiter-0.13.0-cp314-cp314t-win_arm64.whl", hash = "sha256:2c26cf47e2cad140fa23b6d58d435a7c0161f5c514284802f25e87fddfe11024", size = 187152, upload-time = "2026-02-02T12:37:22.124Z" },
]

[[package]]
name = "openai"
version = "2.30.0"
source = { registry = "https://pypi.org/simple" }
dependencies = [
    { name = "anyio" },
    { name = "distro" },
    { name = "httpx" },
    { name = "jiter" },
    { name = "pydantic" },
    { name = "sniffio" },
    { name = "tqdm" },
    { name = "typing-extensions" },
]
sdist = { url = "https://files.pythonhosted.org/packages/88/15/52580c8fbc16d0675d516e8749806eda679b16de1e4434ea06fb6feaa610/openai-2.30.0.tar.gz", hash = "sha256:92f7661c990bda4b22a941806c83eabe4896c3094465030dd882a71abe80c885", size = 676084, upload-time = "2026-03-25T22:08:59.96Z" }
wheels = [
    { url = "https://files.pythonhosted.org/packages/2a/9e/5bfa2270f902d5b92ab7d41ce0475b8630572e71e349b2a4996d14bdda93/openai-2.30.0-py3-none-any.whl", hash = "sha256:9a5ae616888eb2748ec5e0c5b955a51592e0b201a11f4262db920f2a78c5231d", size = 1146656, upload-time = "2026-03-25T22:08:58.2Z" },
]

[[package]]
name = "pne"
version = "0.1.0"
source = { editable = "." }

[package.optional-dependencies]
anthropic = [
    { name = "anthropic" },
]
openai = [
    { name = "openai" },
]

[package.dev-dependencies]
dev = [
    { name = "ruff" },
]

[package.metadata]
requires-dist = [
    { name = "anthropic", marker = "extra == 'anthropic'", specifier = ">=0.40.0" },
    { name = "openai", marker = "extra == 'openai'", specifier = ">=2.30.0" },
]
provides-extras = ["openai", "anthropic"]

[package.metadata.requires-dev]
dev = [{ name = "ruff", specifier = ">=0.15.9" }]

[[package]]
name = "pydantic"
version = "2.12.5"
source = { registry = "https://pypi.org/simple" }
dependencies = [
    { name = "annotated-types" },
    { name = "pydantic-core" },
    { name = "typing-extensions" },
    { name = "typing-inspection" },
]
sdist = { url = "https://files.pythonhosted.org/packages/69/44/36f1a6e523abc58ae5f928898e4aca2e0ea509b5aa6f6f392a5d882be928/pydantic-2.12.5.tar.gz", hash = "sha256:4d351024c75c0f085a9febbb665ce8c0c6ec5d30e903bdb6394b7ede26aebb49", size = 821591, upload-time = "2025-11-26T15:11:46.471Z" }
wheels = [
    { url = "https://files.pythonhosted.org/packages/5a/87/b70ad306ebb6f9b585f114d0ac2137d792b48be34d732d60e597c2f8465a/pydantic-2.12.5-py3-none-any.whl", hash = "sha256:e561593fccf61e8a20fc46dfc2dfe075b8be7d0188df33f221ad1f0139180f9d", size = 463580, upload-time = "2025-11-26T15:11:44.605Z" },
]

[[package]]
name = "pydantic-core"
version = "2.41.5"
source = { registry = "https://pypi.org/simple" }
dependencies = [
    { name = "typing-extensions" },
]
sdist = { url = "https://files.pythonhosted.org/packages/71/70/23b021c950c2addd24ec408e9ab05d59b035b39d97cdc1130e1bce647bb6/pydantic_core-2.41.5.tar.gz", hash = "sha256:08daa51ea16ad373ffd5e7606252cc32f07bc72b28284b6bc9c6df804816476e", size = 460952, upload-time = "2025-11-04T13:43:49.098Z" }
wheels = [
    { url = "https://files.pythonhosted.org/packages/87/06/8806241ff1f70d9939f9af039c6c35f2360cf16e93c2ca76f184e76b1564/pydantic_core-2.41.5-cp313-cp313-macosx_10_12_x86_64.whl", hash = "sha256:941103c9be18ac8daf7b7adca8228f8ed6bb7a1849020f643b3a14d15b1924d9", size = 2120403, upload-time = "2025-11-04T13:40:25.248Z" },
    { url = "https://files.pythonhosted.org/packages/94/02/abfa0e0bda67faa65fef1c84971c7e45928e108fe24333c81f3bfe35d5f5/pydantic_core-2.41.5-cp313-cp313-macosx_11_0_arm64.whl", hash = "sha256:112e305c3314f40c93998e567879e887a3160bb8689ef3d2c04b6cc62c33ac34", size = 1896206, upload-time = "2025-11-04T13:40:27.099Z" },
    { url = "https://files.pythonhosted.org/packages/15/df/a4c740c0943e93e6500f9eb23f4ca7ec9bf71b19e608ae5b579678c8d02f/pydantic_core-2.41.5-cp313-cp313-manylinux_2_17_aarch64.manylinux2014_aarch64.whl", hash = "sha256:0cbaad15cb0c90aa221d43c00e77bb33c93e8d36e0bf74760cd00e732d10a6a0", size = 1919307, upload-time = "2025-11-04T13:40:29.806Z" },
    { url = "https://files.pythonhosted.org/packages/9a/e3/6324802931ae1d123528988e0e86587c2072ac2e5394b4bc2bc34b61ff6e/pydantic_core-2.41.5-cp313-cp313-manylinux_2_17_armv7l.manylinux2014_armv7l.whl", hash = "sha256:03ca43e12fab6023fc79d28ca6b39b05f794ad08ec2feccc59a339b02f2b3d33", size = 2063258, upload-time = "2025-11-04T13:40:33.544Z" },
    { url = "https://files.pythonhosted.org/packages/c9/d4/2230d7151d4957dd79c3044ea26346c148c98fbf0ee6ebd41056f2d62ab5/pydantic_core-2.41.5-cp313-cp313-manylinux_2_17_ppc64le.manylinux2014_ppc64le.whl", hash = "sha256:dc799088c08fa04e43144b164feb0c13f9a0bc40503f8df3e9fde58a3c0c101e", size = 2214917, upload-time = "2025-11-04T13:40:35.479Z" },
    { url = "https://files.pythonhosted.org/packages/e6/9f/eaac5df17a3672fef0081b6c1bb0b82b33ee89aa5cec0d7b05f52fd4a1fa/pydantic_core-2.41.5-cp313-cp313-manylinux_2_17_s390x.manylinux2014_s390x.whl", hash = "sha256:97aeba56665b4c3235a0e52b2c2f5ae9cd071b8a8310ad27bddb3f7fb30e9aa2", size = 2332186, upload-time = "2025-11-04T13:40:37.436Z" },
    { url = "https://files.pythonhosted.org/packages/cf/4e/35a80cae583a37cf15604b44240e45c05e04e86f9cfd766623149297e971/pydantic_core-2.41.5-cp313-cp313-manylinux_2_17_x86_64.manylinux2014_x86_64.whl", hash = "sha256:406bf18d345822d6c21366031003612b9c77b3e29ffdb0f612367352aab7d586", size = 2073164, upload-time = "2025-11-04T13:40:40.289Z" },
    { url = "https://files.pythonhosted.org/packages/bf/e3/f6e262673c6140dd3305d144d032f7bd5f7497d3871c1428521f19f9efa2/pydantic_core-2.41.5-cp313-cp313-manylinux_2_5_i686.manylinux1_i686.whl", hash = "sha256:b93590ae81f7010dbe380cdeab6f515902ebcbefe0b9327cc4804d74e93ae69d", size = 2179146, upload-time = "2025-11-04T13:40:42.809Z" },
    { url = "https://files.pythonhosted.org/packages/75/c7/20bd7fc05f0c6ea2056a4565c6f36f8968c0924f19b7d97bbfea55780e73/pydantic_core-2.41.5-cp313-cp313-musllinux_1_1_aarch64.whl", hash = "sha256:01a3d0ab748ee531f4ea6c3e48ad9dac84ddba4b0d82291f87248f2f9de8d740", size = 2137788, upload-time = "2025-11-04T13:40:44.752Z" },
    { url = "https://files.pythonhosted.org/packages/3a/8d/34318ef985c45196e004bc46c6eab2eda437e744c124ef0dbe1ff2c9d06b/pydantic_core-2.41.5-cp313-cp313-musllinux_1_1_armv7l.whl", hash = "sha256:6561e94ba9dacc9c61bce40e2d6bdc3bfaa0259d3ff36ace3b1e6901936d2e3e", size = 2340133, upload-time = "2025-11-04T13:40:46.66Z" },
    { url = "https://files.pythonhosted.org/packages/9c/59/013626bf8c78a5a5d9350d12e7697d3d4de951a75565496abd40ccd46bee/pydantic_core-2.41.5-cp313-cp313-musllinux_1_1_x86_64.whl", hash = "sha256:915c3d10f81bec3a74fbd4faebe8391013ba61e5a1a8d48c4455b923bdda7858", size = 2324852, upload-time = "2025-11-04T13:40:48.575Z" },
    { url = "https://files.pythonhosted.org/packages/1a/d9/c248c103856f807ef70c18a4f986693a46a8ffe1602e5d361485da502d20/pydantic_core-2.41.5-cp313-cp313-win32.whl", hash = "sha256:650ae77860b45cfa6e2cdafc42618ceafab3a2d9a3811fcfbd3bbf8ac3c40d36", size = 1994679, upload-time = "2025-11-04T13:40:50.619Z" },
    { url = "https://files.pythonhosted.org/packages/9e/8b/341991b158ddab181cff136acd2552c9f35bd30380422a639c0671e99a91/pydantic_core-2.41.5-cp313-cp313-win_amd64.whl", hash = "sha256:79ec52ec461e99e13791ec6508c722742ad745571f234ea6255bed38c6480f11", size = 2019766, upload-time = "2025-11-04T13:40:52.631Z" },
    { url = "https://files.pythonhosted.org/packages/73/7d/f2f9db34af103bea3e09735bb40b021788a5e834c81eedb541991badf8f5/pydantic_core-2.41.5-cp313-cp313-win_arm64.whl", hash = "sha256:3f84d5c1b4ab906093bdc1ff10484838aca54ef08de4afa9de0f5f14d69639cd", size = 1981005, upload-time = "2025-11-04T13:40:54.734Z" },
    { url = "https://files.pythonhosted.org/packages/ea/28/46b7c5c9635ae96ea0fbb779e271a38129df2550f763937659ee6c5dbc65/pydantic_core-2.41.5-cp314-cp314-macosx_10_12_x86_64.whl", hash = "sha256:3f37a19d7ebcdd20b96485056ba9e8b304e27d9904d233d7b1015db320e51f0a", size = 2119622, upload-time = "2025-11-04T13:40:56.68Z" },
    { url = "https://files.pythonhosted.org/packages/74/1a/145646e5687e8d9a1e8d09acb278c8535ebe9e972e1f162ed338a622f193/pydantic_core-2.41.5-cp314-cp314-macosx_11_0_arm64.whl", hash = "sha256:1d1d9764366c73f996edd17abb6d9d7649a7eb690006ab6adbda117717099b14", size = 1891725, upload-time = "2025-11-04T13:40:58.807Z" },
    { url = "https://files.pythonhosted.org/packages/23/04/e89c29e267b8060b40dca97bfc64a19b2a3cf99018167ea1677d96368273/pydantic_core-2.41.5-cp314-cp314-manylinux_2_17_aarch64.manylinux2014_aarch64.whl", hash = "sha256:25e1c2af0fce638d5f1988b686f3b3ea8cd7de5f244ca147c777769e798a9cd1", size = 1915040, upload-time = "2025-11-04T13:41:00.853Z" },
    { url = "https://files.pythonhosted.org/packages/84/a3/15a82ac7bd97992a82257f777b3583d3e84bdb06ba6858f745daa2ec8a85/pydantic_core-2.41.5-cp314-cp314-manylinux_2_17_armv7l.manylinux2014_armv7l.whl", hash = "sha256:506d766a8727beef16b7adaeb8ee6217c64fc813646b424d0804d67c16eddb66", size = 2063691, upload-time = "2025-11-04T13:41:03.504Z" },
    { url = "https://files.pythonhosted.org/packages/74/9b/0046701313c6ef08c0c1cf0e028c67c770a4e1275ca73131563c5f2a310a/pydantic_core-2.41.5-cp314-cp314-manylinux_2_17_ppc64le.manylinux2014_ppc64le.whl", hash = "sha256:4819fa52133c9aa3c387b3328f25c1facc356491e6135b459f1de698ff64d869", size = 2213897, upload-time = "2025-11-04T13:41:05.804Z" },
    { url = "https://files.pythonhosted.org/packages/8a/cd/6bac76ecd1b27e75a95ca3a9a559c643b3afcd2dd62086d4b7a32a18b169/pydantic_core-2.41.5-cp314-cp314-manylinux_2_17_s390x.manylinux2014_s390x.whl", hash = "sha256:2b761d210c9ea91feda40d25b4efe82a1707da2ef62901466a42492c028553a2", size = 2333302, upload-time = "2025-11-04T13:41:07.809Z" },
    { url = "https://files.pythonhosted.org/packages/4c/d2/ef2074dc020dd6e109611a8be4449b98cd25e1b9b8a303c2f0fca2f2bcf7/pydantic_core-2.41.5-cp314-cp314-manylinux_2_17_x86_64.manylinux2014_x86_64.whl", hash = "sha256:22f0fb8c1c583a3b6f24df2470833b40207e907b90c928cc8d3594b76f874375", size = 2064877, upload-time = "2025-11-04T13:41:09.827Z" },
    { url = "https://files.pythonhosted.org/packages/18/66/e9db17a9a763d72f03de903883c057b2592c09509ccfe468187f2a2eef29/pydantic_core-2.41.5-cp314-cp314-manylinux_2_5_i686.manylinux1_i686.whl", hash = "sha256:2782c870e99878c634505236d81e5443092fba820f0373997ff75f90f68cd553", size = 2180680, upload-time = "2025-11-04T13:41:12.379Z" },
    { url = "https://files.pythonhosted.org/packages/d3/9e/3ce66cebb929f3ced22be85d4c2399b8e85b622db77dad36b73c5387f8f8/pydantic_core-2.41.5-cp314-cp314-musllinux_1_1_aarch64.whl", hash = "sha256:0177272f88ab8312479336e1d777f6b124537d47f2123f89cb37e0accea97f90", size = 2138960, upload-time = "2025-11-04T13:41:14.627Z" },
    { url = "https://files.pythonhosted.org/packages/a6/62/205a998f4327d2079326b01abee48e502ea739d174f0a89295c481a2272e/pydantic_core-2.41.5-cp314-cp314-musllinux_1_1_armv7l.whl", hash = "sha256:63510af5e38f8955b8ee5687740d6ebf7c2a0886d15a6d65c32814613681bc07", size = 2339102, upload-time = "2025-11-04T13:41:16.868Z" },
    { url = "https://files.pythonhosted.org/packages/3c/0d/f05e79471e889d74d3d88f5bd20d0ed189ad94c2423d81ff8d0000aab4ff/pydantic_core-2.41.5-cp314-cp314-musllinux_1_1_x86_64.whl", hash = "sha256:e56ba91f47764cc14f1daacd723e3e82d1a89d783f0f5afe9c364b8bb491ccdb", size = 2326039, upload-time = "2025-11-04T13:41:18.934Z" },
    { url = "https://files.pythonhosted.org/packages/ec/e1/e08a6208bb100da7e0c4b288eed624a703f4d129bde2da475721a80cab32/pydantic_core-2.41.5-cp314-cp314-win32.whl", hash = "sha256:aec5cf2fd867b4ff45b9959f8b20ea3993fc93e63c7363fe6851424c8a7e7c23", size = 1995126, upload-time = "2025-11-04T13:41:21.418Z" },
    { url = "https://files.pythonhosted.org/packages/48/5d/56ba7b24e9557f99c9237e29f5c09913c81eeb2f3217e40e922353668092/pydantic_core-2.41.5-cp314-cp314-win_amd64.whl", hash = "sha256:8e7c86f27c585ef37c35e56a96363ab8de4e549a95512445b85c96d3e2f7c1bf", size = 2015489, upload-time = "2025-11-04T13:41:24.076Z" },
    { url = "https://files.pythonhosted.org/packages/4e/bb/f7a190991ec9e3e0ba22e4993d8755bbc4a32925c0b5b42775c03e8148f9/pydantic_core-2.41.5-cp314-cp314-win_arm64.whl", hash = "sha256:e672ba74fbc2dc8eea59fb6d4aed6845e6905fc2a8afe93175d94a83ba2a01a0", size = 1977288, upload-time = "2025-11-04T13:41:26.33Z" },
    { url = "https://files.pythonhosted.org/packages/92/ed/77542d0c51538e32e15afe7899d79efce4b81eee631d99850edc2f5e9349/pydantic_core-2.41.5-cp314-cp314t-macosx_10_12_x86_64.whl", hash = "sha256:8566def80554c3faa0e65ac30ab0932b9e3a5cd7f8323764303d468e5c37595a", size = 2120255, upload-time = "2025-11-04T13:41:28.569Z" },
    { url = "https://files.pythonhosted.org/packages/bb/3d/6913dde84d5be21e284439676168b28d8bbba5600d838b9dca99de0fad71/pydantic_core-2.41.5-cp314-cp314t-macosx_11_0_arm64.whl", hash = "sha256:b80aa5095cd3109962a298ce14110ae16b8c1aece8b72f9dafe81cf597ad80b3", size = 1863760, upload-time = "2025-11-04T13:41:31.055Z" },
    { url = "https://files.pythonhosted.org/packages/5a/f0/e5e6b99d4191da102f2b0eb9687aaa7f5bea5d9964071a84effc3e40f997/pydantic_core-2.41.5-cp314-cp314t-manylinux_2_17_aarch64.manylinux2014_aarch64.whl", hash = "sha256:3006c3dd9ba34b0c094c544c6006cc79e87d8612999f1a5d43b769b89181f23c", size = 1878092, upload-time = "2025-11-04T13:41:33.21Z" },
    { url = "https://files.pythonhosted.org/packages/71/48/36fb760642d568925953bcc8116455513d6e34c4beaa37544118c36aba6d/pydantic_core-2.41.5-cp314-cp314t-manylinux_2_17_armv7l.manylinux2014_armv7l.whl", hash = "sha256:72f6c8b11857a856bcfa48c86f5368439f74453563f951e473514579d44aa612", size = 2053385, upload-time = "2025-11-04T13:41:35.508Z" },
    { url = "https://files.pythonhosted.org/packages/20/25/92dc684dd8eb75a234bc1c764b4210cf2646479d54b47bf46061657292a8/pydantic_core-2.41.5-cp314-cp314t-manylinux_2_17_ppc64le.manylinux2014_ppc64le.whl", hash = "sha256:5cb1b2f9742240e4bb26b652a5aeb840aa4b417c7748b6f8387927bc6e45e40d", size = 2218832, upload-time = "2025-11-04T13:41:37.732Z" },
    { url = "https://files.pythonhosted.org/packages/e2/09/f53e0b05023d3e30357d82eb35835d0f6340ca344720a4599cd663dca599/pydantic_core-2.41.5-cp314-cp314t-manylinux_2_17_s390x.manylinux2014_s390x.whl", hash = "sha256:bd3d54f38609ff308209bd43acea66061494157703364ae40c951f83ba99a1a9", size = 2327585, upload-time = "2025-11-04T13:41:40Z" },
    { url = "https://files.pythonhosted.org/packages/aa/4e/2ae1aa85d6af35a39b236b1b1641de73f5a6ac4d5a7509f77b814885760c/pydantic_core-2.41.5-cp314-cp314t-manylinux_2_17_x86_64.manylinux2014_x86_64.whl", hash = "sha256:2ff4321e56e879ee8d2a879501c8e469414d948f4aba74a2d4593184eb326660", size = 2041078, upload-time = "2025-11-04T13:41:42.323Z" },
    { url = "https://files.pythonhosted.org/packages/cd/13/2e215f17f0ef326fc72afe94776edb77525142c693767fc347ed6288728d/pydantic_core-2.41.5-cp314-cp314t-manylinux_2_5_i686.manylinux1_i686.whl", hash = "sha256:d0d2568a8c11bf8225044aa94409e21da0cb09dcdafe9ecd10250b2baad531a9", size = 2173914, upload-time = "2025-11-04T13:41:45.221Z" },
    { url = "https://files.pythonhosted.org/packages/02/7a/f999a6dcbcd0e5660bc348a3991c8915ce6599f4f2c6ac22f01d7a10816c/pydantic_core-2.41.5-cp314-cp314t-musllinux_1_1_aarch64.whl", hash = "sha256:a39455728aabd58ceabb03c90e12f71fd30fa69615760a075b9fec596456ccc3", size = 2129560, upload-time = "2025-11-04T13:41:47.474Z" },
    { url = "https://files.pythonhosted.org/packages/3a/b1/6c990ac65e3b4c079a4fb9f5b05f5b013afa0f4ed6780a3dd236d2cbdc64/pydantic_core-2.41.5-cp314-cp314t-musllinux_1_1_armv7l.whl", hash = "sha256:239edca560d05757817c13dc17c50766136d21f7cd0fac50295499ae24f90fdf", size = 2329244, upload-time = "2025-11-04T13:41:49.992Z" },
    { url = "https://files.pythonhosted.org/packages/d9/02/3c562f3a51afd4d88fff8dffb1771b30cfdfd79befd9883ee094f5b6c0d8/pydantic_core-2.41.5-cp314-cp314t-musllinux_1_1_x86_64.whl", hash = "sha256:2a5e06546e19f24c6a96a129142a75cee553cc018ffee48a460059b1185f4470", size = 2331955, upload-time = "2025-11-04T13:41:54.079Z" },
    { url = "https://files.pythonhosted.org/packages/5c/96/5fb7d8c3c17bc8c62fdb031c47d77a1af698f1d7a406b0f79aaa1338f9ad/pydantic_core-2.41.5-cp314-cp314t-win32.whl", hash = "sha256:b4ececa40ac28afa90871c2cc2b9ffd2ff0bf749380fbdf57d165fd23da353aa", size = 1988906, upload-time = "2025-11-04T13:41:56.606Z" },
    { url = "https://files.pythonhosted.org/packages/22/ed/182129d83032702912c2e2d8bbe33c036f342cc735737064668585dac28f/pydantic_core-2.41.5-cp314-cp314t-win_amd64.whl", hash = "sha256:80aa89cad80b32a912a65332f64a4450ed00966111b6615ca6816153d3585a8c", size = 1981607, upload-time = "2025-11-04T13:41:58.889Z" },
    { url = "https://files.pythonhosted.org/packages/9f/ed/068e41660b832bb0b1aa5b58011dea2a3fe0ba7861ff38c4d4904c1c1a99/pydantic_core-2.41.5-cp314-cp314t-win_arm64.whl", hash = "sha256:35b44f37a3199f771c3eaa53051bc8a70cd7b54f333531c59e29fd4db5d15008", size = 1974769, upload-time = "2025-11-04T13:42:01.186Z" },
]

[[package]]
name = "ruff"
version = "0.15.9"
source = { registry = "https://pypi.org/simple" }
sdist = { url = "https://files.pythonhosted.org/packages/e6/97/e9f1ca355108ef7194e38c812ef40ba98c7208f47b13ad78d023caa583da/ruff-0.15.9.tar.gz", hash = "sha256:29cbb1255a9797903f6dde5ba0188c707907ff44a9006eb273b5a17bfa0739a2", size = 4617361, upload-time = "2026-04-02T18:17:20.829Z" }
wheels = [
    { url = "https://files.pythonhosted.org/packages/0b/1f/9cdfd0ac4b9d1e5a6cf09bedabdf0b56306ab5e333c85c87281273e7b041/ruff-0.15.9-py3-none-linux_armv6l.whl", hash = "sha256:6efbe303983441c51975c243e26dff328aca11f94b70992f35b093c2e71801e1", size = 10511206, upload-time = "2026-04-02T18:16:41.574Z" },
    { url = "https://files.pythonhosted.org/packages/3d/f6/32bfe3e9c136b35f02e489778d94384118bb80fd92c6d92e7ccd97db12ce/ruff-0.15.9-py3-none-macosx_10_12_x86_64.whl", hash = "sha256:4965bac6ac9ea86772f4e23587746f0b7a395eccabb823eb8bfacc3fa06069f7", size = 10923307, upload-time = "2026-04-02T18:17:08.645Z" },
    { url = "https://files.pythonhosted.org/packages/ca/25/de55f52ab5535d12e7aaba1de37a84be6179fb20bddcbe71ec091b4a3243/ruff-0.15.9-py3-none-macosx_11_0_arm64.whl", hash = "sha256:eaf05aad70ca5b5a0a4b0e080df3a6b699803916d88f006efd1f5b46302daab8", size = 10316722, upload-time = "2026-04-02T18:16:44.206Z" },
    { url = "https://files.pythonhosted.org/packages/48/11/690d75f3fd6278fe55fff7c9eb429c92d207e14b25d1cae4064a32677029/ruff-0.15.9-py3-none-manylinux_2_17_aarch64.manylinux2014_aarch64.whl", hash = "sha256:9439a342adb8725f32f92732e2bafb6d5246bd7a5021101166b223d312e8fc59", size = 10623674, upload-time = "2026-04-02T18:16:50.951Z" },
    { url = "https://files.pythonhosted.org/packages/bd/ec/176f6987be248fc5404199255522f57af1b4a5a1b57727e942479fec98ad/ruff-0.15.9-py3-none-manylinux_2_17_armv7l.manylinux2014_armv7l.whl", hash = "sha256:9c5e6faf9d97c8edc43877c3f406f47446fc48c40e1442d58cfcdaba2acea745", size = 10351516, upload-time = "2026-04-02T18:16:57.206Z" },
    { url = "https://files.pythonhosted.org/packages/b2/fc/51cffbd2b3f240accc380171d51446a32aa2ea43a40d4a45ada67368fbd2/ruff-0.15.9-py3-none-manylinux_2_17_i686.manylinux2014_i686.whl", hash = "sha256:7b34a9766aeec27a222373d0b055722900fbc0582b24f39661aa96f3fe6ad901", size = 11150202, upload-time = "2026-04-02T18:17:06.452Z" },
    { url = "https://files.pythonhosted.org/packages/d6/d4/25292a6dfc125f6b6528fe6af31f5e996e19bf73ca8e3ce6eb7fa5b95885/ruff-0.15.9-py3-none-manylinux_2_17_ppc64le.manylinux2014_ppc64le.whl", hash = "sha256:89dd695bc72ae76ff484ae54b7e8b0f6b50f49046e198355e44ea656e521fef9", size = 11988891, upload-time = "2026-04-02T18:17:18.575Z" },
    { url = "https://files.pythonhosted.org/packages/13/e1/1eebcb885c10e19f969dcb93d8413dfee8172578709d7ee933640f5e7147/ruff-0.15.9-py3-none-manylinux_2_17_s390x.manylinux2014_s390x.whl", hash = "sha256:ce187224ef1de1bd225bc9a152ac7102a6171107f026e81f317e4257052916d5", size = 11480576, upload-time = "2026-04-02T18:16:52.986Z" },
    { url = "https://files.pythonhosted.org/packages/ff/6b/a1548ac378a78332a4c3dcf4a134c2475a36d2a22ddfa272acd574140b50/ruff-0.15.9-py3-none-manylinux_2_17_x86_64.manylinux2014_x86_64.whl", hash = "sha256:2b0c7c341f68adb01c488c3b7d4b49aa8ea97409eae6462d860a79cf55f431b6", size = 11254525, upload-time = "2026-04-02T18:17:02.041Z" },
    { url = "https://files.pythonhosted.org/packages/42/aa/4bb3af8e61acd9b1281db2ab77e8b2c3c5e5599bf2a29d4a942f1c62b8d6/ruff-0.15.9-py3-none-manylinux_2_31_riscv64.whl", hash = "sha256:55cc15eee27dc0eebdfcb0d185a6153420efbedc15eb1d38fe5e685657b0f840", size = 11204072, upload-time = "2026-04-02T18:17:13.581Z" },
    { url = "https://files.pythonhosted.org/packages/69/48/d550dc2aa6e423ea0bcc1d0ff0699325ffe8a811e2dba156bd80750b86dc/ruff-0.15.9-py3-none-musllinux_1_2_aarch64.whl", hash = "sha256:a6537f6eed5cda688c81073d46ffdfb962a5f29ecb6f7e770b2dc920598997ed", size = 10594998, upload-time = "2026-04-02T18:16:46.369Z" },
    { url = "https://files.pythonhosted.org/packages/63/47/321167e17f5344ed5ec6b0aa2cff64efef5f9e985af8f5622cfa6536043f/ruff-0.15.9-py3-none-musllinux_1_2_armv7l.whl", hash = "sha256:6d3fcbca7388b066139c523bda744c822258ebdcfbba7d24410c3f454cc9af71", size = 10359769, upload-time = "2026-04-02T18:17:10.994Z" },
    { url = "https://files.pythonhosted.org/packages/67/5e/074f00b9785d1d2c6f8c22a21e023d0c2c1817838cfca4c8243200a1fa87/ruff-0.15.9-py3-none-musllinux_1_2_i686.whl", hash = "sha256:058d8e99e1bfe79d8a0def0b481c56059ee6716214f7e425d8e737e412d69677", size = 10850236, upload-time = "2026-04-02T18:16:48.749Z" },
    { url = "https://files.pythonhosted.org/packages/76/37/804c4135a2a2caf042925d30d5f68181bdbd4461fd0d7739da28305df593/ruff-0.15.9-py3-none-musllinux_1_2_x86_64.whl", hash = "sha256:8e1ddb11dbd61d5983fa2d7d6370ef3eb210951e443cace19594c01c72abab4c", size = 11358343, upload-time = "2026-04-02T18:16:55.068Z" },
    { url = "https://files.pythonhosted.org/packages/88/3d/1364fcde8656962782aa9ea93c92d98682b1ecec2f184e625a965ad3b4a6/ruff-0.15.9-py3-none-win32.whl", hash = "sha256:bde6ff36eaf72b700f32b7196088970bf8fdb2b917b7accd8c371bfc0fd573ec", size = 10583382, upload-time = "2026-04-02T18:17:04.261Z" },
    { url = "https://files.pythonhosted.org/packages/4c/56/5c7084299bd2cacaa07ae63a91c6f4ba66edc08bf28f356b24f6b717c799/ruff-0.15.9-py3-none-win_amd64.whl", hash = "sha256:45a70921b80e1c10cf0b734ef09421f71b5aa11d27404edc89d7e8a69505e43d", size = 11744969, upload-time = "2026-04-02T18:16:59.611Z" },
    { url = "https://files.pythonhosted.org/packages/03/36/76704c4f312257d6dbaae3c959add2a622f63fcca9d864659ce6d8d97d3d/ruff-0.15.9-py3-none-win_arm64.whl", hash = "sha256:0694e601c028fd97dc5c6ee244675bc241aeefced7ef80cd9c6935a871078f53", size = 11005870, upload-time = "2026-04-02T18:17:15.773Z" },
]

[[package]]
name = "sniffio"
version = "1.3.1"
source = { registry = "https://pypi.org/simple" }
sdist = { url = "https://files.pythonhosted.org/packages/a2/87/a6771e1546d97e7e041b6ae58d80074f81b7d5121207425c964ddf5cfdbd/sniffio-1.3.1.tar.gz", hash = "sha256:f4324edc670a0f49750a81b895f35c3adb843cca46f0530f79fc1babb23789dc", size = 20372, upload-time = "2024-02-25T23:20:04.057Z" }
wheels = [
    { url = "https://files.pythonhosted.org/packages/e9/44/75a9c9421471a6c4805dbf2356f7c181a29c1879239abab1ea2cc8f38b40/sniffio-1.3.1-py3-none-any.whl", hash = "sha256:2f6da418d1f1e0fddd844478f41680e794e6051915791a034ff65e5f100525a2", size = 10235, upload-time = "2024-02-25T23:20:01.196Z" },
]

[[package]]
name = "tqdm"
version = "4.67.3"
source = { registry = "https://pypi.org/simple" }
dependencies = [
    { name = "colorama", marker = "sys_platform == 'win32'" },
]
sdist = { url = "https://files.pythonhosted.org/packages/09/a9/6ba95a270c6f1fbcd8dac228323f2777d886cb206987444e4bce66338dd4/tqdm-4.67.3.tar.gz", hash = "sha256:7d825f03f89244ef73f1d4ce193cb1774a8179fd96f31d7e1dcde62092b960bb", size = 169598, upload-time = "2026-02-03T17:35:53.048Z" }
wheels = [
    { url = "https://files.pythonhosted.org/packages/16/e1/3079a9ff9b8e11b846c6ac5c8b5bfb7ff225eee721825310c91b3b50304f/tqdm-4.67.3-py3-none-any.whl", hash = "sha256:ee1e4c0e59148062281c49d80b25b67771a127c85fc9676d3be5f243206826bf", size = 78374, upload-time = "2026-02-03T17:35:50.982Z" },
]

[[package]]
name = "typing-extensions"
version = "4.15.0"
source = { registry = "https://pypi.org/simple" }
sdist = { url = "https://files.pythonhosted.org/packages/72/94/1a15dd82efb362ac84269196e94cf00f187f7ed21c242792a923cdb1c61f/typing_extensions-4.15.0.tar.gz", hash = "sha256:0cea48d173cc12fa28ecabc3b837ea3cf6f38c6d1136f85cbaaf598984861466", size = 109391, upload-time = "2025-08-25T13:49:26.313Z" }
wheels = [
    { url = "https://files.pythonhosted.org/packages/18/67/36e9267722cc04a6b9f15c7f3441c2363321a3ea07da7ae0c0707beb2a9c/typing_extensions-4.15.0-py3-none-any.whl", hash = "sha256:f0fa19c6845758ab08074a0cfa8b7aecb71c999ca73d62883bc25cc018c4e548", size = 44614, upload-time = "2025-08-25T13:49:24.86Z" },
]

[[package]]
name = "typing-inspection"
version = "0.4.2"
source = { registry = "https://pypi.org/simple" }
dependencies = [
    { name = "typing-extensions" },
]
sdist = { url = "https://files.pythonhosted.org/packages/55/e3/70399cb7dd41c10ac53367ae42139cf4b1ca5f36bb3dc6c9d33acdb43655/typing_inspection-0.4.2.tar.gz", hash = "sha256:ba561c48a67c5958007083d386c3295464928b01faa735ab8547c5692e87f464", size = 75949, upload-time = "2025-10-01T02:14:41.687Z" }
wheels = [
    { url = "https://files.pythonhosted.org/packages/dc/9b/47798a6c91d8bdb567fe2698fe81e0c6b7cb7ef4d13da4114b41d239f65d/typing_inspection-0.4.2-py3-none-any.whl", hash = "sha256:4ed1cacbdc298c220f1bd249ed5287caa16f34d44ef4e9c3d0cbad5b521545e7", size = 14611, upload-time = "2025-10-01T02:14:40.154Z" },
]
